{
    "version": 3,
    "terraform_version": "0.8.2",
    "serial": 0,
    "lineage": "392bd8be-6ba9-4fc8-bb69-3191c9eafa5b",
    "modules": [
        {
            "path": [
                "root"
            ],
            "outputs": {},
            "resources": {
                "aws_instance.hello-instance": {
                    "type": "aws_instance",
                    "depends_on": [],
                    "primary": {
                        "id": "i-01d2388d8286e2ea6",
                        "attributes": {
                            "ami": "ami-5b673c34",
                            "associate_public_ip_address": "true",
                            "availability_zone": "ap-south-1a",
                            "disable_api_termination": "false",
                            "ebs_block_device.#": "0",
                            "ebs_optimized": "false",
                            "ephemeral_block_device.#": "0",
                            "iam_instance_profile": "",
                            "id": "i-01d2388d8286e2ea6",
                            "instance_state": "running",
                            "instance_type": "t2.micro",
                            "key_name": "",
                            "monitoring": "false",
                            "network_interface_id": "eni-04c463d9bab28c92b",
                            "private_dns": "ip-172-31-24-9.ap-south-1.compute.internal",
                            "private_ip": "172.31.24.9",
                            "public_dns": "ec2-13-234-231-104.ap-south-1.compute.amazonaws.com",
                            "public_ip": "13.234.231.104",
                            "root_block_device.#": "1",
                            "root_block_device.0.delete_on_termination": "true",
                            "root_block_device.0.iops": "100",
                            "root_block_device.0.volume_size": "10",
                            "root_block_device.0.volume_type": "gp2",
                            "security_groups.#": "0",
                            "source_dest_check": "true",
                            "subnet_id": "subnet-3cfaad54",
                            "tags.%": "1",
                            "tags.Name": "hello-update-instance",
                            "tenancy": "default",
                            "vpc_security_group_ids.#": "1",
                            "vpc_security_group_ids.3795947565": "sg-216b984d"
                        },
                        "meta": {
                            "schema_version": "1"
                        },
                        "tainted": false
                    },
                    "deposed": [],
                    "provider": ""
                }
            },
            "depends_on": []
        }
    ]
}
